
Microsoft Visual Studio Solution File, Format Version 12.00
# Visual Studio Version 17
VisualStudioVersion = 17.11.35312.102
MinimumVisualStudioVersion = 10.0.40219.1
Project("{8BC9CEB8-8B4A-11D0-8D11-00A0C91BC942}") = "HelloClapHostWC", "HelloClapHostWC\HelloClapHostWC.vcxproj", "{7B049D9A-F71A-4141-A881-ED2E3C0E1139}"
EndProject
Global
	GlobalSection(SolutionConfigurationPlatforms) = preSolution
		Debug|x64 = Debug|x64
		Debug|x86 = Debug|x86
		Release|x64 = Release|x64
		Release|x86 = Release|x86
	EndGlobalSection
	GlobalSection(ProjectConfigurationPlatforms) = postSolution
		{7B049D9A-F71A-4141-A881-ED2E3C0E1139}.Debug|x64.ActiveCfg = Debug|x64
		{7B049D9A-F71A-4141-A881-ED2E3C0E1139}.Debug|x64.Build.0 = Debug|x64
		{7B049D9A-F71A-4141-A881-ED2E3C0E1139}.Debug|x86.ActiveCfg = Debug|Win32
		{7B049D9A-F71A-4141-A881-ED2E3C0E1139}.Debug|x86.Build.0 = Debug|Win32
		{7B049D9A-F71A-4141-A881-ED2E3C0E1139}.Release|x64.ActiveCfg = Release|x64
		{7B049D9A-F71A-4141-A881-ED2E3C0E1139}.Release|x64.Build.0 = Release|x64
		{7B049D9A-F71A-4141-A881-ED2E3C0E1139}.Release|x86.ActiveCfg = Release|Win32
		{7B049D9A-F71A-4141-A881-ED2E3C0E1139}.Release|x86.Build.0 = Release|Win32
	EndGlobalSection
	GlobalSection(SolutionProperties) = preSolution
		HideSolutionNode = FALSE
	EndGlobalSection
	GlobalSection(ExtensibilityGlobals) = postSolution
		SolutionGuid = {2B0CD404-56D9-4A36-B26E-F1C52F028396}
	EndGlobalSection
EndGlobal
